# THIS IS AN AUTOGENERATED FILE. DO NOT EDIT THIS FILE DIRECTLY.
# yarn lockfile v1


"@casl/ability@^6.5.0":
  version "6.5.0"
  resolved "https://registry.yarnpkg.com/@casl/ability/-/ability-6.5.0.tgz#a151a7637886099b8ffe52a96601225004a5c157"
  integrity sha512-3guc94ugr5ylZQIpJTLz0CDfwNi0mxKVECj1vJUPAvs+Lwunh/dcuUjwzc4MHM9D8JOYX0XUZMEPedpB3vIbOw==
  dependencies:
    "@ucast/mongo2js" "^1.3.0"

"@ucast/core@^1.0.0", "@ucast/core@^1.4.1", "@ucast/core@^1.6.1":
  version "1.10.2"
  resolved "https://registry.yarnpkg.com/@ucast/core/-/core-1.10.2.tgz#30b6b893479823265368e528b61b042f752f2c92"
  integrity sha512-ons5CwXZ/51wrUPfoduC+cO7AS1/wRb0ybpQJ9RrssossDxVy4t49QxWoWgfBDvVKsz9VXzBk9z0wqTdZ+Cq8g==

"@ucast/js@^3.0.0":
  version "3.0.3"
  resolved "https://registry.yarnpkg.com/@ucast/js/-/js-3.0.3.tgz#6ff618a85bd95f1a8f46658cc663a1f798de327f"
  integrity sha512-jBBqt57T5WagkAjqfCIIE5UYVdaXYgGkOFYv2+kjq2AVpZ2RIbwCo/TujJpDlwTVluUI+WpnRpoGU2tSGlEvFQ==
  dependencies:
    "@ucast/core" "^1.0.0"

"@ucast/mongo2js@^1.3.0":
  version "1.3.4"
  resolved "https://registry.yarnpkg.com/@ucast/mongo2js/-/mongo2js-1.3.4.tgz#579f9e5eb074cba54640d5c70c71c500580f3af3"
  integrity sha512-ahazOr1HtelA5AC1KZ9x0UwPMqqimvfmtSm/PRRSeKKeE5G2SCqTgwiNzO7i9jS8zA3dzXpKVPpXMkcYLnyItA==
  dependencies:
    "@ucast/core" "^1.6.1"
    "@ucast/js" "^3.0.0"
    "@ucast/mongo" "^2.4.0"

"@ucast/mongo@^2.4.0":
  version "2.4.3"
  resolved "https://registry.yarnpkg.com/@ucast/mongo/-/mongo-2.4.3.tgz#92b1dd7c0ab06a907f2ab1422aa3027518ccc05e"
  integrity sha512-XcI8LclrHWP83H+7H2anGCEeDq0n+12FU2mXCTz6/Tva9/9ddK/iacvvhCyW6cijAAOILmt0tWplRyRhVyZLsA==
  dependencies:
    "@ucast/core" "^1.4.1"
